PODS:
  - CRToast (0.0.9)
  - IQKeyboardManagerSwift (4.0.3)

DEPENDENCIES:
  - CRToast
  - IQKeyboardManagerSwift

SPEC CHECKSUMS:
  CRToast: 5a78c22b921c5ed3487488af605bc403a9c92fed
  IQKeyboardManagerSwift: b6883b720b0e76473692fdc80828442566e1075f

PODFILE CHECKSUM: c766adee4d3767b679b3420509f4089ee359d2f8

COCOAPODS: 1.0.0
