// !$*UTF8*$!
{
	archiveVersion = 1;
	classes = {
	};
	objectVersion = 46;
	objects = {

/* Begin PBXBuildFile section */
		7003F4B8F7CE0E3CD71E82E3 /* Pods_WebWrapper.framework in Frameworks */ = {isa = PBXBuildFile; fileRef = 85988720FC7B784A94663F81 /* Pods_WebWrapper.framework */; };
		CDC89F9C1CDC6D5900A1BDCC /* AppDelegate.swift in Sources */ = {isa = PBXBuildFile; fileRef = CDC89F9B1CDC6D5900A1BDCC /* AppDelegate.swift */; };
		CDC89F9E1CDC6D5900A1BDCC /* ViewController.swift in Sources */ = {isa = PBXBuildFile; fileRef = CDC89F9D1CDC6D5900A1BDCC /* ViewController.swift */; };
		CDC89FA11CDC6D5900A1BDCC /* Main.storyboard in Resources */ = {isa = PBXBuildFile; fileRef = CDC89F9F1CDC6D5900A1BDCC /* Main.storyboard */; };
		CDC89FA31CDC6D5900A1BDCC /* Assets.xcassets in Resources */ = {isa = PBXBuildFile; fileRef = CDC89FA21CDC6D5900A1BDCC /* Assets.xcassets */; };
		CDC89FA61CDC6D5900A1BDCC /* LaunchScreen.storyboard in Resources */ = {isa = PBXBuildFile; fileRef = CDC89FA41CDC6D5900A1BDCC /* LaunchScreen.storyboard */; };
		CDC89FAE1CDC713E00A1BDCC /* UIWebViewRenderController.swift in Sources */ = {isa = PBXBuildFile; fileRef = CDC89FAD1CDC713E00A1BDCC /* UIWebViewRenderController.swift */; };
		CDC89FB21CDC810C00A1BDCC /* WKWebViewRenderController.swift in Sources */ = {isa = PBXBuildFile; fileRef = CDC89FB11CDC810C00A1BDCC /* WKWebViewRenderController.swift */; };
/* End PBXBuildFile section */

/* Begin PBXFileReference section */
		2E0BA532EFCD34E7A65DC8AE /* Pods-WebWrapper.release.xcconfig */ = {isa = PBXFileReference; includeInIndex = 1; lastKnownFileType = text.xcconfig; name = "Pods-WebWrapper.release.xcconfig"; path = "Pods/Target Support Files/Pods-WebWrapper/Pods-WebWrapper.release.xcconfig"; sourceTree = "<group>"; };
		85988720FC7B784A94663F81 /* Pods_WebWrapper.framework */ = {isa = PBXFileReference; explicitFileType = wrapper.framework; includeInIndex = 0; path = Pods_WebWrapper.framework; sourceTree = BUILT_PRODUCTS_DIR; };
		9A20D835F9E7B4147C200D94 /* Pods-WebWrapper.debug.xcconfig */ = {isa = PBXFileReference; includeInIndex = 1; lastKnownFileType = text.xcconfig; name = "Pods-WebWrapper.debug.xcconfig"; path = "Pods/Target Support Files/Pods-WebWrapper/Pods-WebWrapper.debug.xcconfig"; sourceTree = "<group>"; };
		CDC89F981CDC6D5900A1BDCC /* WebWrapper.app */ = {isa = PBXFileReference; explicitFileType = wrapper.application; includeInIndex = 0; path = WebWrapper.app; sourceTree = BUILT_PRODUCTS_DIR; };
		CDC89F9B1CDC6D5900A1BDCC /* AppDelegate.swift */ = {isa = PBXFileReference; lastKnownFileType = sourcecode.swift; path = AppDelegate.swift; sourceTree = "<group>"; };
		CDC89F9D1CDC6D5900A1BDCC /* ViewController.swift */ = {isa = PBXFileReference; lastKnownFileType = sourcecode.swift; path = ViewController.swift; sourceTree = "<group>"; };
		CDC89FA01CDC6D5900A1BDCC /* Base */ = {isa = PBXFileReference; lastKnownFileType = file.storyboard; name = Base; path = Base.lproj/Main.storyboard; sourceTree = "<group>"; };
		CDC89FA21CDC6D5900A1BDCC /* Assets.xcassets */ = {isa = PBXFileReference; lastKnownFileType = folder.assetcatalog; path = Assets.xcassets; sourceTree = "<group>"; };
		CDC89FA51CDC6D5900A1BDCC /* Base */ = {isa = PBXFileReference; lastKnownFileType = file.storyboard; name = Base; path = Base.lproj/LaunchScreen.storyboard; sourceTree = "<group>"; };
		CDC89FA71CDC6D5900A1BDCC /* Info.plist */ = {isa = PBXFileReference; lastKnownFileType = text.plist.xml; path = Info.plist; sourceTree = "<group>"; };
		CDC89FAD1CDC713E00A1BDCC /* UIWebViewRenderController.swift */ = {isa = PBXFileReference; fileEncoding = 4; lastKnownFileType = sourcecode.swift; name = UIWebViewRenderController.swift; path = UIWebViewRenderController/UIWebViewRenderController.swift; sourceTree = "<group>"; };
		CDC89FB11CDC810C00A1BDCC /* WKWebViewRenderController.swift */ = {isa = PBXFileReference; fileEncoding = 4; lastKnownFileType = sourcecode.swift; name = WKWebViewRenderController.swift; path = WKWebViewRenderController/WKWebViewRenderController.swift; sourceTree = "<group>"; };
/* End PBXFileReference section */

/* Begin PBXFrameworksBuildPhase section */
		CDC89F951CDC6D5900A1BDCC /* Frameworks */ = {
			isa = PBXFrameworksBuildPhase;
			buildActionMask = 2147483647;
			files = (
				7003F4B8F7CE0E3CD71E82E3 /* Pods_WebWrapper.framework in Frameworks */,
			);
			runOnlyForDeploymentPostprocessing = 0;
		};
/* End PBXFrameworksBuildPhase section */

/* Begin PBXGroup section */
		3D44E96017E8F679A3511A1A /* Frameworks */ = {
			isa = PBXGroup;
			children = (
				85988720FC7B784A94663F81 /* Pods_WebWrapper.framework */,
			);
			name = Frameworks;
			sourceTree = "<group>";
		};
		7DED04A900375FD9784896C2 /* Pods */ = {
			isa = PBXGroup;
			children = (
				9A20D835F9E7B4147C200D94 /* Pods-WebWrapper.debug.xcconfig */,
				2E0BA532EFCD34E7A65DC8AE /* Pods-WebWrapper.release.xcconfig */,
			);
			name = Pods;
			sourceTree = "<group>";
		};
		CDC89F8F1CDC6D5900A1BDCC = {
			isa = PBXGroup;
			children = (
				CDC89F9A1CDC6D5900A1BDCC /* WebWrapper */,
				CDC89F991CDC6D5900A1BDCC /* Products */,
				7DED04A900375FD9784896C2 /* Pods */,
				3D44E96017E8F679A3511A1A /* Frameworks */,
			);
			sourceTree = "<group>";
		};
		CDC89F991CDC6D5900A1BDCC /* Products */ = {
			isa = PBXGroup;
			children = (
				CDC89F981CDC6D5900A1BDCC /* WebWrapper.app */,
			);
			name = Products;
			sourceTree = "<group>";
		};
		CDC89F9A1CDC6D5900A1BDCC /* WebWrapper */ = {
			isa = PBXGroup;
			children = (
				CDC89F9B1CDC6D5900A1BDCC /* AppDelegate.swift */,
				CDC89F9D1CDC6D5900A1BDCC /* ViewController.swift */,
				CDC89F9F1CDC6D5900A1BDCC /* Main.storyboard */,
				CDC89FAD1CDC713E00A1BDCC /* UIWebViewRenderController.swift */,
				CDC89FB11CDC810C00A1BDCC /* WKWebViewRenderController.swift */,
				CDC89FA21CDC6D5900A1BDCC /* Assets.xcassets */,
				CDC89FA41CDC6D5900A1BDCC /* LaunchScreen.storyboard */,
				CDC89FA71CDC6D5900A1BDCC /* Info.plist */,
			);
			path = WebWrapper;
			sourceTree = "<group>";
		};
/* End PBXGroup section */

/* Begin PBXNativeTarget section */
		CDC89F971CDC6D5900A1BDCC /* WebWrapper */ = {
			isa = PBXNativeTarget;
			buildConfigurationList = CDC89FAA1CDC6D5900A1BDCC /* Build configuration list for PBXNativeTarget "WebWrapper" */;
			buildPhases = (
				5F409969617BE3F46D0CEFFC /* 📦 Check Pods Manifest.lock */,
				CDC89F941CDC6D5900A1BDCC /* Sources */,
				CDC89F951CDC6D5900A1BDCC /* Frameworks */,
				CDC89F961CDC6D5900A1BDCC /* Resources */,
				13E35F1F5A3BDF5EBF7AAFCA /* 📦 Embed Pods Frameworks */,
				F22BE5C409E9AD1ED2E6BA7A /* 📦 Copy Pods Resources */,
			);
			buildRules = (
			);
			dependencies = (
			);
			name = WebWrapper;
			productName = WebWrapper;
			productReference = CDC89F981CDC6D5900A1BDCC /* WebWrapper.app */;
			productType = "com.apple.product-type.application";
		};
/* End PBXNativeTarget section */

/* Begin PBXProject section */
		CDC89F901CDC6D5900A1BDCC /* Project object */ = {
			isa = PBXProject;
			attributes = {
				LastSwiftUpdateCheck = 0730;
				LastUpgradeCheck = 0730;
				ORGANIZATIONNAME = TheGeekProjekt;
				TargetAttributes = {
					CDC89F971CDC6D5900A1BDCC = {
						CreatedOnToolsVersion = 7.3;
					};
				};
			};
			buildConfigurationList = CDC89F931CDC6D5900A1BDCC /* Build configuration list for PBXProject "WebWrapper" */;
			compatibilityVersion = "Xcode 3.2";
			developmentRegion = English;
			hasScannedForEncodings = 0;
			knownRegions = (
				en,
				Base,
			);
			mainGroup = CDC89F8F1CDC6D5900A1BDCC;
			productRefGroup = CDC89F991CDC6D5900A1BDCC /* Products */;
			projectDirPath = "";
			projectRoot = "";
			targets = (
				CDC89F971CDC6D5900A1BDCC /* WebWrapper */,
			);
		};
/* End PBXProject section */

/* Begin PBXResourcesBuildPhase section */
		CDC89F961CDC6D5900A1BDCC /* Resources */ = {
			isa = PBXResourcesBuildPhase;
			buildActionMask = 2147483647;
			files = (
				CDC89FA61CDC6D5900A1BDCC /* LaunchScreen.storyboard in Resources */,
				CDC89FA31CDC6D5900A1BDCC /* Assets.xcassets in Resources */,
				CDC89FA11CDC6D5900A1BDCC /* Main.storyboard in Resources */,
			);
			runOnlyForDeploymentPostprocessing = 0;
		};
/* End PBXResourcesBuildPhase section */

/* Begin PBXShellScriptBuildPhase section */
		13E35F1F5A3BDF5EBF7AAFCA /* 📦 Embed Pods Frameworks */ = {
			isa = PBXShellScriptBuildPhase;
			buildActionMask = 2147483647;
			files = (
			);
			inputPaths = (
			);
			name = "📦 Embed Pods Frameworks";
			outputPaths = (
			);
			runOnlyForDeploymentPostprocessing = 0;
			shellPath = /bin/sh;
			shellScript = "\"${SRCROOT}/Pods/Target Support Files/Pods-WebWrapper/Pods-WebWrapper-frameworks.sh\"\n";
			showEnvVarsInLog = 0;
		};
		5F409969617BE3F46D0CEFFC /* 📦 Check Pods Manifest.lock */ = {
			isa = PBXShellScriptBuildPhase;
			buildActionMask = 2147483647;
			files = (
			);
			inputPaths = (
			);
			name = "📦 Check Pods Manifest.lock";
			outputPaths = (
			);
			runOnlyForDeploymentPostprocessing = 0;
			shellPath = /bin/sh;
			shellScript = "diff \"${PODS_ROOT}/../Podfile.lock\" \"${PODS_ROOT}/Manifest.lock\" > /dev/null\nif [[ $? != 0 ]] ; then\n    cat << EOM\nerror: The sandbox is not in sync with the Podfile.lock. Run 'pod install' or update your CocoaPods installation.\nEOM\n    exit 1\nfi\n";
			showEnvVarsInLog = 0;
		};
		F22BE5C409E9AD1ED2E6BA7A /* 📦 Copy Pods Resources */ = {
			isa = PBXShellScriptBuildPhase;
			buildActionMask = 2147483647;
			files = (
			);
			inputPaths = (
			);
			name = "📦 Copy Pods Resources";
			outputPaths = (
			);
			runOnlyForDeploymentPostprocessing = 0;
			shellPath = /bin/sh;
			shellScript = "\"${SRCROOT}/Pods/Target Support Files/Pods-WebWrapper/Pods-WebWrapper-resources.sh\"\n";
			showEnvVarsInLog = 0;
		};
/* End PBXShellScriptBuildPhase section */

/* Begin PBXSourcesBuildPhase section */
		CDC89F941CDC6D5900A1BDCC /* Sources */ = {
			isa = PBXSourcesBuildPhase;
			buildActionMask = 2147483647;
			files = (
				CDC89F9E1CDC6D5900A1BDCC /* ViewController.swift in Sources */,
				CDC89FB21CDC810C00A1BDCC /* WKWebViewRenderController.swift in Sources */,
				CDC89F9C1CDC6D5900A1BDCC /* AppDelegate.swift in Sources */,
				CDC89FAE1CDC713E00A1BDCC /* UIWebViewRenderController.swift in Sources */,
			);
			runOnlyForDeploymentPostprocessing = 0;
		};
/* End PBXSourcesBuildPhase section */

/* Begin PBXVariantGroup section */
		CDC89F9F1CDC6D5900A1BDCC /* Main.storyboard */ = {
			isa = PBXVariantGroup;
			children = (
				CDC89FA01CDC6D5900A1BDCC /* Base */,
			);
			name = Main.storyboard;
			sourceTree = "<group>";
		};
		CDC89FA41CDC6D5900A1BDCC /* LaunchScreen.storyboard */ = {
			isa = PBXVariantGroup;
			children = (
				CDC89FA51CDC6D5900A1BDCC /* Base */,
			);
			name = LaunchScreen.storyboard;
			sourceTree = "<group>";
		};
/* End PBXVariantGroup section */

/* Begin XCBuildConfiguration section */
		CDC89FA81CDC6D5900A1BDCC /* Debug */ = {
			isa = XCBuildConfiguration;
			buildSettings = {
				ALWAYS_SEARCH_USER_PATHS = NO;
				CLANG_ANALYZER_NONNULL = YES;
				CLANG_CXX_LANGUAGE_STANDARD = "gnu++0x";
				CLANG_CXX_LIBRARY = "libc++";
				CLANG_ENABLE_MODULES = YES;
				CLANG_ENABLE_OBJC_ARC = YES;
				CLANG_WARN_BOOL_CONVERSION = YES;
				CLANG_WARN_CONSTANT_CONVERSION = YES;
				CLANG_WARN_DIRECT_OBJC_ISA_USAGE = YES_ERROR;
				CLANG_WARN_EMPTY_BODY = YES;
				CLANG_WARN_ENUM_CONVERSION = YES;
				CLANG_WARN_INT_CONVERSION = YES;
				CLANG_WARN_OBJC_ROOT_CLASS = YES_ERROR;
				CLANG_WARN_UNREACHABLE_CODE = YES;
				CLANG_WARN__DUPLICATE_METHOD_MATCH = YES;
				"CODE_SIGN_IDENTITY[sdk=iphoneos*]" = "iPhone Developer";
				COPY_PHASE_STRIP = NO;
				DEBUG_INFORMATION_FORMAT = dwarf;
				ENABLE_STRICT_OBJC_MSGSEND = YES;
				ENABLE_TESTABILITY = YES;
				GCC_C_LANGUAGE_STANDARD = gnu99;
				GCC_DYNAMIC_NO_PIC = NO;
				GCC_NO_COMMON_BLOCKS = YES;
				GCC_OPTIMIZATION_LEVEL = 0;
				GCC_PREPROCESSOR_DEFINITIONS = (
					"DEBUG=1",
					"$(inherited)",
				);
				GCC_WARN_64_TO_32_BIT_CONVERSION = YES;
				GCC_WARN_ABOUT_RETURN_TYPE = YES_ERROR;
				GCC_WARN_UNDECLARED_SELECTOR = YES;
				GCC_WARN_UNINITIALIZED_AUTOS = YES_AGGRESSIVE;
				GCC_WARN_UNUSED_FUNCTION = YES;
				GCC_WARN_UNUSED_VARIABLE = YES;
				IPHONEOS_DEPLOYMENT_TARGET = 9.3;
				MTL_ENABLE_DEBUG_INFO = YES;
				ONLY_ACTIVE_ARCH = YES;
				SDKROOT = iphoneos;
				SWIFT_OPTIMIZATION_LEVEL = "-Onone";
				TARGETED_DEVICE_FAMILY = "1,2";
			};
			name = Debug;
		};
		CDC89FA91CDC6D5900A1BDCC /* Release */ = {
			isa = XCBuildConfiguration;
			buildSettings = {
				ALWAYS_SEARCH_USER_PATHS = NO;
				CLANG_ANALYZER_NONNULL = YES;
				CLANG_CXX_LANGUAGE_STANDARD = "gnu++0x";
				CLANG_CXX_LIBRARY = "libc++";
				CLANG_ENABLE_MODULES = YES;
				CLANG_ENABLE_OBJC_ARC = YES;
				CLANG_WARN_BOOL_CONVERSION = YES;
				CLANG_WARN_CONSTANT_CONVERSION = YES;
				CLANG_WARN_DIRECT_OBJC_ISA_USAGE = YES_ERROR;
				CLANG_WARN_EMPTY_BODY = YES;
				CLANG_WARN_ENUM_CONVERSION = YES;
				CLANG_WARN_INT_CONVERSION = YES;
				CLANG_WARN_OBJC_ROOT_CLASS = YES_ERROR;
				CLANG_WARN_UNREACHABLE_CODE = YES;
				CLANG_WARN__DUPLICATE_METHOD_MATCH = YES;
				"CODE_SIGN_IDENTITY[sdk=iphoneos*]" = "iPhone Developer";
				COPY_PHASE_STRIP = NO;
				DEBUG_INFORMATION_FORMAT = "dwarf-with-dsym";
				ENABLE_NS_ASSERTIONS = NO;
				ENABLE_STRICT_OBJC_MSGSEND = YES;
				GCC_C_LANGUAGE_STANDARD = gnu99;
				GCC_NO_COMMON_BLOCKS = YES;
				GCC_WARN_64_TO_32_BIT_CONVERSION = YES;
				GCC_WARN_ABOUT_RETURN_TYPE = YES_ERROR;
				GCC_WARN_UNDECLARED_SELECTOR = YES;
				GCC_WARN_UNINITIALIZED_AUTOS = YES_AGGRESSIVE;
				GCC_WARN_UNUSED_FUNCTION = YES;
				GCC_WARN_UNUSED_VARIABLE = YES;
				IPHONEOS_DEPLOYMENT_TARGET = 9.3;
				MTL_ENABLE_DEBUG_INFO = NO;
				SDKROOT = iphoneos;
				TARGETED_DEVICE_FAMILY = "1,2";
				VALIDATE_PRODUCT = YES;
			};
			name = Release;
		};
		CDC89FAB1CDC6D5900A1BDCC /* Debug */ = {
			isa = XCBuildConfiguration;
			baseConfigurationReference = 9A20D835F9E7B4147C200D94 /* Pods-WebWrapper.debug.xcconfig */;
			buildSettings = {
				ASSETCATALOG_COMPILER_APPICON_NAME = AppIcon;
				INFOPLIST_FILE = WebWrapper/Info.plist;
				LD_RUNPATH_SEARCH_PATHS = "$(inherited) @executable_path/Frameworks";
				PRODUCT_BUNDLE_IDENTIFIER = com.interactionone.WebWrapper;
				PRODUCT_NAME = "$(TARGET_NAME)";
			};
			name = Debug;
		};
		CDC89FAC1CDC6D5900A1BDCC /* Release */ = {
			isa = XCBuildConfiguration;
			baseConfigurationReference = 2E0BA532EFCD34E7A65DC8AE /* Pods-WebWrapper.release.xcconfig */;
			buildSettings = {
				ASSETCATALOG_COMPILER_APPICON_NAME = AppIcon;
				INFOPLIST_FILE = WebWrapper/Info.plist;
				LD_RUNPATH_SEARCH_PATHS = "$(inherited) @executable_path/Frameworks";
				PRODUCT_BUNDLE_IDENTIFIER = com.interactionone.WebWrapper;
				PRODUCT_NAME = "$(TARGET_NAME)";
			};
			name = Release;
		};
/* End XCBuildConfiguration section */

/* Begin XCConfigurationList section */
		CDC89F931CDC6D5900A1BDCC /* Build configuration list for PBXProject "WebWrapper" */ = {
			isa = XCConfigurationList;
			buildConfigurations = (
				CDC89FA81CDC6D5900A1BDCC /* Debug */,
				CDC89FA91CDC6D5900A1BDCC /* Release */,
			);
			defaultConfigurationIsVisible = 0;
			defaultConfigurationName = Release;
		};
		CDC89FAA1CDC6D5900A1BDCC /* Build configuration list for PBXNativeTarget "WebWrapper" */ = {
			isa = XCConfigurationList;
			buildConfigurations = (
				CDC89FAB1CDC6D5900A1BDCC /* Debug */,
				CDC89FAC1CDC6D5900A1BDCC /* Release */,
			);
			defaultConfigurationIsVisible = 0;
			defaultConfigurationName = Release;
		};
/* End XCConfigurationList section */
	};
	rootObject = CDC89F901CDC6D5900A1BDCC /* Project object */;
}
